
Microsoft Visual Studio Solution File, Format Version 12.00
# Visual Studio Version 17
VisualStudioVersion = 17.8.34511.84
MinimumVisualStudioVersion = 10.0.40219.1
Project("{8BC9CEB8-8B4A-11D0-8D11-00A0C91BC942}") = "binary to decimal edu tech", "binary to decimal edu tech\binary to decimal edu tech.vcxproj", "{B4DA2A7D-2D79-45F7-89D0-EE661E322975}"
EndProject
Global
	GlobalSection(SolutionConfigurationPlatforms) = preSolution
		Debug|x64 = Debug|x64
		Debug|x86 = Debug|x86
		Release|x64 = Release|x64
		Release|x86 = Release|x86
	EndGlobalSection
	GlobalSection(ProjectConfigurationPlatforms) = postSolution
		{B4DA2A7D-2D79-45F7-89D0-EE661E322975}.Debug|x64.ActiveCfg = Debug|x64
		{B4DA2A7D-2D79-45F7-89D0-EE661E322975}.Debug|x64.Build.0 = Debug|x64
		{B4DA2A7D-2D79-45F7-89D0-EE661E322975}.Debug|x86.ActiveCfg = Debug|Win32
		{B4DA2A7D-2D79-45F7-89D0-EE661E322975}.Debug|x86.Build.0 = Debug|Win32
		{B4DA2A7D-2D79-45F7-89D0-EE661E322975}.Release|x64.ActiveCfg = Release|x64
		{B4DA2A7D-2D79-45F7-89D0-EE661E322975}.Release|x64.Build.0 = Release|x64
		{B4DA2A7D-2D79-45F7-89D0-EE661E322975}.Release|x86.ActiveCfg = Release|Win32
		{B4DA2A7D-2D79-45F7-89D0-EE661E322975}.Release|x86.Build.0 = Release|Win32
	EndGlobalSection
	GlobalSection(SolutionProperties) = preSolution
		HideSolutionNode = FALSE
	EndGlobalSection
	GlobalSection(ExtensibilityGlobals) = postSolution
		SolutionGuid = {17C15198-DF93-4EDA-B629-D1989ACB513F}
	EndGlobalSection
EndGlobal
